
Microsoft Visual Studio Solution File, Format Version 12.00
Project("{FAE04EC0-301F-11D3-BF4B-00C04F79EFBC}") = "ConexionBD", "ConexionBD\ConexionBD.csproj", "{4DBD7253-5575-4F5F-BCF1-DB3061916419}"
EndProject
Global
	GlobalSection(SolutionConfigurationPlatforms) = preSolution
		Debug|Any CPU = Debug|Any CPU
		Release|Any CPU = Release|Any CPU
	EndGlobalSection
	GlobalSection(ProjectConfigurationPlatforms) = postSolution
		{4DBD7253-5575-4F5F-BCF1-DB3061916419}.Debug|Any CPU.ActiveCfg = Debug|Any CPU
		{4DBD7253-5575-4F5F-BCF1-DB3061916419}.Debug|Any CPU.Build.0 = Debug|Any CPU
		{4DBD7253-5575-4F5F-BCF1-DB3061916419}.Release|Any CPU.ActiveCfg = Release|Any CPU
		{4DBD7253-5575-4F5F-BCF1-DB3061916419}.Release|Any CPU.Build.0 = Release|Any CPU
	EndGlobalSection
EndGlobal
